
Microsoft Visual Studio Solution File, Format Version 12.00
# Visual Studio Version 16
VisualStudioVersion = 16.0.30413.136
MinimumVisualStudioVersion = 10.0.40219.1
Project("{FAE04EC0-301F-11D3-BF4B-00C04F79EFBC}") = "ATIVIDADE6", "ATIVIDADE6.csproj", "{1A7CE11C-2200-4B04-855D-0D607120E4D2}"
EndProject
Global
	GlobalSection(SolutionConfigurationPlatforms) = preSolution
		Debug|Any CPU = Debug|Any CPU
		Release|Any CPU = Release|Any CPU
	EndGlobalSection
	GlobalSection(ProjectConfigurationPlatforms) = postSolution
		{1A7CE11C-2200-4B04-855D-0D607120E4D2}.Debug|Any CPU.ActiveCfg = Debug|Any CPU
		{1A7CE11C-2200-4B04-855D-0D607120E4D2}.Debug|Any CPU.Build.0 = Debug|Any CPU
		{1A7CE11C-2200-4B04-855D-0D607120E4D2}.Release|Any CPU.ActiveCfg = Release|Any CPU
		{1A7CE11C-2200-4B04-855D-0D607120E4D2}.Release|Any CPU.Build.0 = Release|Any CPU
	EndGlobalSection
	GlobalSection(SolutionProperties) = preSolution
		HideSolutionNode = FALSE
	EndGlobalSection
	GlobalSection(ExtensibilityGlobals) = postSolution
		SolutionGuid = {FCDD9C4E-18D9-4725-8ED3-92A4F3152999}
	EndGlobalSection
EndGlobal
