
Microsoft Visual Studio Solution File, Format Version 12.00
# Visual Studio Version 16
VisualStudioVersion = 16.0.30413.136
MinimumVisualStudioVersion = 10.0.40219.1
Project("{FAE04EC0-301F-11D3-BF4B-00C04F79EFBC}") = "ATIVIDADE5", "ATIVIDADE5.csproj", "{019E6933-E7C4-49B2-8AF9-61B791CAB8B2}"
EndProject
Global
	GlobalSection(SolutionConfigurationPlatforms) = preSolution
		Debug|Any CPU = Debug|Any CPU
		Release|Any CPU = Release|Any CPU
	EndGlobalSection
	GlobalSection(ProjectConfigurationPlatforms) = postSolution
		{019E6933-E7C4-49B2-8AF9-61B791CAB8B2}.Debug|Any CPU.ActiveCfg = Debug|Any CPU
		{019E6933-E7C4-49B2-8AF9-61B791CAB8B2}.Debug|Any CPU.Build.0 = Debug|Any CPU
		{019E6933-E7C4-49B2-8AF9-61B791CAB8B2}.Release|Any CPU.ActiveCfg = Release|Any CPU
		{019E6933-E7C4-49B2-8AF9-61B791CAB8B2}.Release|Any CPU.Build.0 = Release|Any CPU
	EndGlobalSection
	GlobalSection(SolutionProperties) = preSolution
		HideSolutionNode = FALSE
	EndGlobalSection
	GlobalSection(ExtensibilityGlobals) = postSolution
		SolutionGuid = {2A5B1C2C-3E25-41B2-8D9A-D4E464671098}
	EndGlobalSection
EndGlobal
