
Microsoft Visual Studio Solution File, Format Version 12.00
# Visual Studio Version 16
VisualStudioVersion = 16.0.30413.136
MinimumVisualStudioVersion = 10.0.40219.1
Project("{FAE04EC0-301F-11D3-BF4B-00C04F79EFBC}") = "PrimeiroTrabalho", "PrimeiroTrabalho.csproj", "{DC38E6B9-6835-446E-BDEC-350C6E1E3B72}"
EndProject
Global
	GlobalSection(SolutionConfigurationPlatforms) = preSolution
		Debug|Any CPU = Debug|Any CPU
		Release|Any CPU = Release|Any CPU
	EndGlobalSection
	GlobalSection(ProjectConfigurationPlatforms) = postSolution
		{DC38E6B9-6835-446E-BDEC-350C6E1E3B72}.Debug|Any CPU.ActiveCfg = Debug|Any CPU
		{DC38E6B9-6835-446E-BDEC-350C6E1E3B72}.Debug|Any CPU.Build.0 = Debug|Any CPU
		{DC38E6B9-6835-446E-BDEC-350C6E1E3B72}.Release|Any CPU.ActiveCfg = Release|Any CPU
		{DC38E6B9-6835-446E-BDEC-350C6E1E3B72}.Release|Any CPU.Build.0 = Release|Any CPU
	EndGlobalSection
	GlobalSection(SolutionProperties) = preSolution
		HideSolutionNode = FALSE
	EndGlobalSection
	GlobalSection(ExtensibilityGlobals) = postSolution
		SolutionGuid = {1F170E54-3AC1-4322-B667-F5A2E9B6F3B2}
	EndGlobalSection
EndGlobal
